// !$*UTF8*$!
{
	archiveVersion = 1;
	classes = {
	};
	objectVersion = 55;
	objects = {

/* Begin PBXBuildFile section */
		2D8AFFF66BE1BC4E3316C1FF /* Pods_IDWiseExample.framework in Frameworks */ = {isa = PBXBuildFile; fileRef = BCBFFBE74E5E0AB6D61AAAED /* Pods_IDWiseExample.framework */; };
		E2AEDED726D4355E00787443 /* AppDelegate.swift in Sources */ = {isa = PBXBuildFile; fileRef = E2AEDED626D4355E00787443 /* AppDelegate.swift */; };
		E2AEDED926D4355E00787443 /* SceneDelegate.swift in Sources */ = {isa = PBXBuildFile; fileRef = E2AEDED826D4355E00787443 /* SceneDelegate.swift */; };
		E2AEDEDB26D4355E00787443 /* ViewController.swift in Sources */ = {isa = PBXBuildFile; fileRef = E2AEDEDA26D4355E00787443 /* ViewController.swift */; };
		E2AEDEDE26D4355E00787443 /* Main.storyboard in Resources */ = {isa = PBXBuildFile; fileRef = E2AEDEDC26D4355E00787443 /* Main.storyboard */; };
		E2AEDEE126D4355E00787443 /* IDWiseExample.xcdatamodeld in Sources */ = {isa = PBXBuildFile; fileRef = E2AEDEDF26D4355E00787443 /* IDWiseExample.xcdatamodeld */; };
		E2AEDEE326D4355F00787443 /* Assets.xcassets in Resources */ = {isa = PBXBuildFile; fileRef = E2AEDEE226D4355F00787443 /* Assets.xcassets */; };
		E2AEDEE626D4355F00787443 /* LaunchScreen.storyboard in Resources */ = {isa = PBXBuildFile; fileRef = E2AEDEE426D4355F00787443 /* LaunchScreen.storyboard */; };
/* End PBXBuildFile section */

/* Begin PBXFileReference section */
		6875ED3C52E287BC8C1B262C /* Pods-IDWiseExample.release.xcconfig */ = {isa = PBXFileReference; includeInIndex = 1; lastKnownFileType = text.xcconfig; name = "Pods-IDWiseExample.release.xcconfig"; path = "Target Support Files/Pods-IDWiseExample/Pods-IDWiseExample.release.xcconfig"; sourceTree = "<group>"; };
		BCBFFBE74E5E0AB6D61AAAED /* Pods_IDWiseExample.framework */ = {isa = PBXFileReference; explicitFileType = wrapper.framework; includeInIndex = 0; path = Pods_IDWiseExample.framework; sourceTree = BUILT_PRODUCTS_DIR; };
		D18BA5797949ECF15CF2BC1C /* Pods-IDWiseExample.debug.xcconfig */ = {isa = PBXFileReference; includeInIndex = 1; lastKnownFileType = text.xcconfig; name = "Pods-IDWiseExample.debug.xcconfig"; path = "Target Support Files/Pods-IDWiseExample/Pods-IDWiseExample.debug.xcconfig"; sourceTree = "<group>"; };
		E2AEDED326D4355E00787443 /* IDWiseExample.app */ = {isa = PBXFileReference; explicitFileType = wrapper.application; includeInIndex = 0; path = IDWiseExample.app; sourceTree = BUILT_PRODUCTS_DIR; };
		E2AEDED626D4355E00787443 /* AppDelegate.swift */ = {isa = PBXFileReference; lastKnownFileType = sourcecode.swift; path = AppDelegate.swift; sourceTree = "<group>"; };
		E2AEDED826D4355E00787443 /* SceneDelegate.swift */ = {isa = PBXFileReference; lastKnownFileType = sourcecode.swift; path = SceneDelegate.swift; sourceTree = "<group>"; };
		E2AEDEDA26D4355E00787443 /* ViewController.swift */ = {isa = PBXFileReference; lastKnownFileType = sourcecode.swift; path = ViewController.swift; sourceTree = "<group>"; };
		E2AEDEDD26D4355E00787443 /* Base */ = {isa = PBXFileReference; lastKnownFileType = file.storyboard; name = Base; path = Base.lproj/Main.storyboard; sourceTree = "<group>"; };
		E2AEDEE026D4355E00787443 /* IDWiseExample.xcdatamodel */ = {isa = PBXFileReference; lastKnownFileType = wrapper.xcdatamodel; path = IDWiseExample.xcdatamodel; sourceTree = "<group>"; };
		E2AEDEE226D4355F00787443 /* Assets.xcassets */ = {isa = PBXFileReference; lastKnownFileType = folder.assetcatalog; path = Assets.xcassets; sourceTree = "<group>"; };
		E2AEDEE526D4355F00787443 /* Base */ = {isa = PBXFileReference; lastKnownFileType = file.storyboard; name = Base; path = Base.lproj/LaunchScreen.storyboard; sourceTree = "<group>"; };
		E2AEDEE726D4355F00787443 /* Info.plist */ = {isa = PBXFileReference; lastKnownFileType = text.plist.xml; path = Info.plist; sourceTree = "<group>"; };
/* End PBXFileReference section */

/* Begin PBXFrameworksBuildPhase section */
		E2AEDED026D4355E00787443 /* Frameworks */ = {
			isa = PBXFrameworksBuildPhase;
			buildActionMask = 2147483647;
			files = (
				2D8AFFF66BE1BC4E3316C1FF /* Pods_IDWiseExample.framework in Frameworks */,
			);
			runOnlyForDeploymentPostprocessing = 0;
		};
/* End PBXFrameworksBuildPhase section */

/* Begin PBXGroup section */
		13395C9006D16E3707D150F6 /* Frameworks */ = {
			isa = PBXGroup;
			children = (
				BCBFFBE74E5E0AB6D61AAAED /* Pods_IDWiseExample.framework */,
			);
			name = Frameworks;
			sourceTree = "<group>";
		};
		AF46BA3CDA9FF2BE2302F679 /* Pods */ = {
			isa = PBXGroup;
			children = (
				D18BA5797949ECF15CF2BC1C /* Pods-IDWiseExample.debug.xcconfig */,
				6875ED3C52E287BC8C1B262C /* Pods-IDWiseExample.release.xcconfig */,
			);
			path = Pods;
			sourceTree = "<group>";
		};
		E2AEDECA26D4355E00787443 = {
			isa = PBXGroup;
			children = (
				E2AEDED526D4355E00787443 /* IDWiseExample */,
				E2AEDED426D4355E00787443 /* Products */,
				AF46BA3CDA9FF2BE2302F679 /* Pods */,
				13395C9006D16E3707D150F6 /* Frameworks */,
			);
			sourceTree = "<group>";
		};
		E2AEDED426D4355E00787443 /* Products */ = {
			isa = PBXGroup;
			children = (
				E2AEDED326D4355E00787443 /* IDWiseExample.app */,
			);
			name = Products;
			sourceTree = "<group>";
		};
		E2AEDED526D4355E00787443 /* IDWiseExample */ = {
			isa = PBXGroup;
			children = (
				E2AEDED626D4355E00787443 /* AppDelegate.swift */,
				E2AEDED826D4355E00787443 /* SceneDelegate.swift */,
				E2AEDEDA26D4355E00787443 /* ViewController.swift */,
				E2AEDEDC26D4355E00787443 /* Main.storyboard */,
				E2AEDEE226D4355F00787443 /* Assets.xcassets */,
				E2AEDEE426D4355F00787443 /* LaunchScreen.storyboard */,
				E2AEDEE726D4355F00787443 /* Info.plist */,
				E2AEDEDF26D4355E00787443 /* IDWiseExample.xcdatamodeld */,
			);
			path = IDWiseExample;
			sourceTree = "<group>";
		};
/* End PBXGroup section */

/* Begin PBXNativeTarget section */
		E2AEDED226D4355E00787443 /* IDWiseExample */ = {
			isa = PBXNativeTarget;
			buildConfigurationList = E2AEDEEA26D4355F00787443 /* Build configuration list for PBXNativeTarget "IDWiseExample" */;
			buildPhases = (
				3978DD42735E44B33E0E5CF1 /* [CP] Check Pods Manifest.lock */,
				E2AEDECF26D4355E00787443 /* Sources */,
				E2AEDED026D4355E00787443 /* Frameworks */,
				E2AEDED126D4355E00787443 /* Resources */,
				8C9847DDF9541D67E88F7BE7 /* [CP] Embed Pods Frameworks */,
			);
			buildRules = (
			);
			dependencies = (
			);
			name = IDWiseExample;
			productName = IDWiseExample;
			productReference = E2AEDED326D4355E00787443 /* IDWiseExample.app */;
			productType = "com.apple.product-type.application";
		};
/* End PBXNativeTarget section */

/* Begin PBXProject section */
		E2AEDECB26D4355E00787443 /* Project object */ = {
			isa = PBXProject;
			attributes = {
				LastSwiftUpdateCheck = 1250;
				LastUpgradeCheck = 1250;
				TargetAttributes = {
					E2AEDED226D4355E00787443 = {
						CreatedOnToolsVersion = 12.5.1;
					};
				};
			};
			buildConfigurationList = E2AEDECE26D4355E00787443 /* Build configuration list for PBXProject "IDWiseExample" */;
			compatibilityVersion = "Xcode 13.0";
			developmentRegion = en;
			hasScannedForEncodings = 0;
			knownRegions = (
				en,
				Base,
			);
			mainGroup = E2AEDECA26D4355E00787443;
			productRefGroup = E2AEDED426D4355E00787443 /* Products */;
			projectDirPath = "";
			projectRoot = "";
			targets = (
				E2AEDED226D4355E00787443 /* IDWiseExample */,
			);
		};
/* End PBXProject section */

/* Begin PBXResourcesBuildPhase section */
		E2AEDED126D4355E00787443 /* Resources */ = {
			isa = PBXResourcesBuildPhase;
			buildActionMask = 2147483647;
			files = (
				E2AEDEE626D4355F00787443 /* LaunchScreen.storyboard in Resources */,
				E2AEDEE326D4355F00787443 /* Assets.xcassets in Resources */,
				E2AEDEDE26D4355E00787443 /* Main.storyboard in Resources */,
			);
			runOnlyForDeploymentPostprocessing = 0;
		};
/* End PBXResourcesBuildPhase section */

/* Begin PBXShellScriptBuildPhase section */
		3978DD42735E44B33E0E5CF1 /* [CP] Check Pods Manifest.lock */ = {
			isa = PBXShellScriptBuildPhase;
			buildActionMask = 2147483647;
			files = (
			);
			inputFileListPaths = (
			);
			inputPaths = (
				"${PODS_PODFILE_DIR_PATH}/Podfile.lock",
				"${PODS_ROOT}/Manifest.lock",
			);
			name = "[CP] Check Pods Manifest.lock";
			outputFileListPaths = (
			);
			outputPaths = (
				"$(DERIVED_FILE_DIR)/Pods-IDWiseExample-checkManifestLockResult.txt",
			);
			runOnlyForDeploymentPostprocessing = 0;
			shellPath = /bin/sh;
			shellScript = "diff \"${PODS_PODFILE_DIR_PATH}/Podfile.lock\" \"${PODS_ROOT}/Manifest.lock\" > /dev/null\nif [ $? != 0 ] ; then\n    # print error to STDERR\n    echo \"error: The sandbox is not in sync with the Podfile.lock. Run 'pod install' or update your CocoaPods installation.\" >&2\n    exit 1\nfi\n# This output is used by Xcode 'outputs' to avoid re-running this script phase.\necho \"SUCCESS\" > \"${SCRIPT_OUTPUT_FILE_0}\"\n";
			showEnvVarsInLog = 0;
		};
		8C9847DDF9541D67E88F7BE7 /* [CP] Embed Pods Frameworks */ = {
			isa = PBXShellScriptBuildPhase;
			buildActionMask = 2147483647;
			files = (
			);
			inputFileListPaths = (
				"${PODS_ROOT}/Target Support Files/Pods-IDWiseExample/Pods-IDWiseExample-frameworks-${CONFIGURATION}-input-files.xcfilelist",
			);
			name = "[CP] Embed Pods Frameworks";
			outputFileListPaths = (
				"${PODS_ROOT}/Target Support Files/Pods-IDWiseExample/Pods-IDWiseExample-frameworks-${CONFIGURATION}-output-files.xcfilelist",
			);
			runOnlyForDeploymentPostprocessing = 0;
			shellPath = /bin/sh;
			shellScript = "\"${PODS_ROOT}/Target Support Files/Pods-IDWiseExample/Pods-IDWiseExample-frameworks.sh\"\n";
			showEnvVarsInLog = 0;
		};
/* End PBXShellScriptBuildPhase section */

/* Begin PBXSourcesBuildPhase section */
		E2AEDECF26D4355E00787443 /* Sources */ = {
			isa = PBXSourcesBuildPhase;
			buildActionMask = 2147483647;
			files = (
				E2AEDEDB26D4355E00787443 /* ViewController.swift in Sources */,
				E2AEDED726D4355E00787443 /* AppDelegate.swift in Sources */,
				E2AEDED926D4355E00787443 /* SceneDelegate.swift in Sources */,
				E2AEDEE126D4355E00787443 /* IDWiseExample.xcdatamodeld in Sources */,
			);
			runOnlyForDeploymentPostprocessing = 0;
		};
/* End PBXSourcesBuildPhase section */

/* Begin PBXVariantGroup section */
		E2AEDEDC26D4355E00787443 /* Main.storyboard */ = {
			isa = PBXVariantGroup;
			children = (
				E2AEDEDD26D4355E00787443 /* Base */,
			);
			name = Main.storyboard;
			sourceTree = "<group>";
		};
		E2AEDEE426D4355F00787443 /* LaunchScreen.storyboard */ = {
			isa = PBXVariantGroup;
			children = (
				E2AEDEE526D4355F00787443 /* Base */,
			);
			name = LaunchScreen.storyboard;
			sourceTree = "<group>";
		};
/* End PBXVariantGroup section */

/* Begin XCBuildConfiguration section */
		E2AEDEE826D4355F00787443 /* Debug */ = {
			isa = XCBuildConfiguration;
			buildSettings = {
				ALWAYS_SEARCH_USER_PATHS = NO;
				CLANG_ANALYZER_NONNULL = YES;
				CLANG_ANALYZER_NUMBER_OBJECT_CONVERSION = YES_AGGRESSIVE;
				CLANG_CXX_LANGUAGE_STANDARD = "gnu++14";
				CLANG_CXX_LIBRARY = "libc++";
				CLANG_ENABLE_MODULES = YES;
				CLANG_ENABLE_OBJC_ARC = YES;
				CLANG_ENABLE_OBJC_WEAK = YES;
				CLANG_WARN_BLOCK_CAPTURE_AUTORELEASING = YES;
				CLANG_WARN_BOOL_CONVERSION = YES;
				CLANG_WARN_COMMA = YES;
				CLANG_WARN_CONSTANT_CONVERSION = YES;
				CLANG_WARN_DEPRECATED_OBJC_IMPLEMENTATIONS = YES;
				CLANG_WARN_DIRECT_OBJC_ISA_USAGE = YES_ERROR;
				CLANG_WARN_DOCUMENTATION_COMMENTS = YES;
				CLANG_WARN_EMPTY_BODY = YES;
				CLANG_WARN_ENUM_CONVERSION = YES;
				CLANG_WARN_INFINITE_RECURSION = YES;
				CLANG_WARN_INT_CONVERSION = YES;
				CLANG_WARN_NON_LITERAL_NULL_CONVERSION = YES;
				CLANG_WARN_OBJC_IMPLICIT_RETAIN_SELF = YES;
				CLANG_WARN_OBJC_LITERAL_CONVERSION = YES;
				CLANG_WARN_OBJC_ROOT_CLASS = YES_ERROR;
				CLANG_WARN_QUOTED_INCLUDE_IN_FRAMEWORK_HEADER = YES;
				CLANG_WARN_RANGE_LOOP_ANALYSIS = YES;
				CLANG_WARN_STRICT_PROTOTYPES = YES;
				CLANG_WARN_SUSPICIOUS_MOVE = YES;
				CLANG_WARN_UNGUARDED_AVAILABILITY = YES_AGGRESSIVE;
				CLANG_WARN_UNREACHABLE_CODE = YES;
				CLANG_WARN__DUPLICATE_METHOD_MATCH = YES;
				COPY_PHASE_STRIP = NO;
				DEBUG_INFORMATION_FORMAT = dwarf;
				ENABLE_STRICT_OBJC_MSGSEND = YES;
				ENABLE_TESTABILITY = YES;
				GCC_C_LANGUAGE_STANDARD = gnu11;
				GCC_DYNAMIC_NO_PIC = NO;
				GCC_NO_COMMON_BLOCKS = YES;
				GCC_OPTIMIZATION_LEVEL = 0;
				GCC_PREPROCESSOR_DEFINITIONS = (
					"DEBUG=1",
					"$(inherited)",
				);
				GCC_WARN_64_TO_32_BIT_CONVERSION = YES;
				GCC_WARN_ABOUT_RETURN_TYPE = YES_ERROR;
				GCC_WARN_UNDECLARED_SELECTOR = YES;
				GCC_WARN_UNINITIALIZED_AUTOS = YES_AGGRESSIVE;
				GCC_WARN_UNUSED_FUNCTION = YES;
				GCC_WARN_UNUSED_VARIABLE = YES;
				IPHONEOS_DEPLOYMENT_TARGET = 14.5;
				MTL_ENABLE_DEBUG_INFO = INCLUDE_SOURCE;
				MTL_FAST_MATH = YES;
				ONLY_ACTIVE_ARCH = YES;
				SDKROOT = iphoneos;
				SWIFT_ACTIVE_COMPILATION_CONDITIONS = DEBUG;
				SWIFT_OPTIMIZATION_LEVEL = "-Onone";
			};
			name = Debug;
		};
		E2AEDEE926D4355F00787443 /* Release */ = {
			isa = XCBuildConfiguration;
			buildSettings = {
				ALWAYS_SEARCH_USER_PATHS = NO;
				CLANG_ANALYZER_NONNULL = YES;
				CLANG_ANALYZER_NUMBER_OBJECT_CONVERSION = YES_AGGRESSIVE;
				CLANG_CXX_LANGUAGE_STANDARD = "gnu++14";
				CLANG_CXX_LIBRARY = "libc++";
				CLANG_ENABLE_MODULES = YES;
				CLANG_ENABLE_OBJC_ARC = YES;
				CLANG_ENABLE_OBJC_WEAK = YES;
				CLANG_WARN_BLOCK_CAPTURE_AUTORELEASING = YES;
				CLANG_WARN_BOOL_CONVERSION = YES;
				CLANG_WARN_COMMA = YES;
				CLANG_WARN_CONSTANT_CONVERSION = YES;
				CLANG_WARN_DEPRECATED_OBJC_IMPLEMENTATIONS = YES;
				CLANG_WARN_DIRECT_OBJC_ISA_USAGE = YES_ERROR;
				CLANG_WARN_DOCUMENTATION_COMMENTS = YES;
				CLANG_WARN_EMPTY_BODY = YES;
				CLANG_WARN_ENUM_CONVERSION = YES;
				CLANG_WARN_INFINITE_RECURSION = YES;
				CLANG_WARN_INT_CONVERSION = YES;
				CLANG_WARN_NON_LITERAL_NULL_CONVERSION = YES;
				CLANG_WARN_OBJC_IMPLICIT_RETAIN_SELF = YES;
				CLANG_WARN_OBJC_LITERAL_CONVERSION = YES;
				CLANG_WARN_OBJC_ROOT_CLASS = YES_ERROR;
				CLANG_WARN_QUOTED_INCLUDE_IN_FRAMEWORK_HEADER = YES;
				CLANG_WARN_RANGE_LOOP_ANALYSIS = YES;
				CLANG_WARN_STRICT_PROTOTYPES = YES;
				CLANG_WARN_SUSPICIOUS_MOVE = YES;
				CLANG_WARN_UNGUARDED_AVAILABILITY = YES_AGGRESSIVE;
				CLANG_WARN_UNREACHABLE_CODE = YES;
				CLANG_WARN__DUPLICATE_METHOD_MATCH = YES;
				COPY_PHASE_STRIP = NO;
				DEBUG_INFORMATION_FORMAT = "dwarf-with-dsym";
				ENABLE_NS_ASSERTIONS = NO;
				ENABLE_STRICT_OBJC_MSGSEND = YES;
				GCC_C_LANGUAGE_STANDARD = gnu11;
				GCC_NO_COMMON_BLOCKS = YES;
				GCC_WARN_64_TO_32_BIT_CONVERSION = YES;
				GCC_WARN_ABOUT_RETURN_TYPE = YES_ERROR;
				GCC_WARN_UNDECLARED_SELECTOR = YES;
				GCC_WARN_UNINITIALIZED_AUTOS = YES_AGGRESSIVE;
				GCC_WARN_UNUSED_FUNCTION = YES;
				GCC_WARN_UNUSED_VARIABLE = YES;
				IPHONEOS_DEPLOYMENT_TARGET = 14.5;
				MTL_ENABLE_DEBUG_INFO = NO;
				MTL_FAST_MATH = YES;
				SDKROOT = iphoneos;
				SWIFT_COMPILATION_MODE = wholemodule;
				SWIFT_OPTIMIZATION_LEVEL = "-O";
				VALIDATE_PRODUCT = YES;
			};
			name = Release;
		};
		E2AEDEEB26D4355F00787443 /* Debug */ = {
			isa = XCBuildConfiguration;
			baseConfigurationReference = D18BA5797949ECF15CF2BC1C /* Pods-IDWiseExample.debug.xcconfig */;
			buildSettings = {
				ASSETCATALOG_COMPILER_APPICON_NAME = AppIcon;
				ASSETCATALOG_COMPILER_GLOBAL_ACCENT_COLOR_NAME = AccentColor;
				CODE_SIGN_IDENTITY = "Apple Development";
				CODE_SIGN_STYLE = Automatic;
				DEVELOPMENT_TEAM = X5337XFGMG;
				INFOPLIST_FILE = IDWiseExample/Info.plist;
				LD_RUNPATH_SEARCH_PATHS = (
					"$(inherited)",
					"@executable_path/Frameworks",
				);
				PRODUCT_BUNDLE_IDENTIFIER = com.idwise.IDWiseExample;
				PRODUCT_NAME = "$(TARGET_NAME)";
				PROVISIONING_PROFILE_SPECIFIER = "";
				SWIFT_VERSION = 5.0;
				TARGETED_DEVICE_FAMILY = "1,2";
			};
			name = Debug;
		};
		E2AEDEEC26D4355F00787443 /* Release */ = {
			isa = XCBuildConfiguration;
			baseConfigurationReference = 6875ED3C52E287BC8C1B262C /* Pods-IDWiseExample.release.xcconfig */;
			buildSettings = {
				ASSETCATALOG_COMPILER_APPICON_NAME = AppIcon;
				ASSETCATALOG_COMPILER_GLOBAL_ACCENT_COLOR_NAME = AccentColor;
				CODE_SIGN_IDENTITY = "Apple Development";
				CODE_SIGN_STYLE = Automatic;
				DEVELOPMENT_TEAM = X5337XFGMG;
				INFOPLIST_FILE = IDWiseExample/Info.plist;
				LD_RUNPATH_SEARCH_PATHS = (
					"$(inherited)",
					"@executable_path/Frameworks",
				);
				PRODUCT_BUNDLE_IDENTIFIER = com.idwise.IDWiseExample;
				PRODUCT_NAME = "$(TARGET_NAME)";
				PROVISIONING_PROFILE_SPECIFIER = "";
				SWIFT_VERSION = 5.0;
				TARGETED_DEVICE_FAMILY = "1,2";
			};
			name = Release;
		};
/* End XCBuildConfiguration section */

/* Begin XCConfigurationList section */
		E2AEDECE26D4355E00787443 /* Build configuration list for PBXProject "IDWiseExample" */ = {
			isa = XCConfigurationList;
			buildConfigurations = (
				E2AEDEE826D4355F00787443 /* Debug */,
				E2AEDEE926D4355F00787443 /* Release */,
			);
			defaultConfigurationIsVisible = 0;
			defaultConfigurationName = Release;
		};
		E2AEDEEA26D4355F00787443 /* Build configuration list for PBXNativeTarget "IDWiseExample" */ = {
			isa = XCConfigurationList;
			buildConfigurations = (
				E2AEDEEB26D4355F00787443 /* Debug */,
				E2AEDEEC26D4355F00787443 /* Release */,
			);
			defaultConfigurationIsVisible = 0;
			defaultConfigurationName = Release;
		};
/* End XCConfigurationList section */

/* Begin XCVersionGroup section */
		E2AEDEDF26D4355E00787443 /* IDWiseExample.xcdatamodeld */ = {
			isa = XCVersionGroup;
			children = (
				E2AEDEE026D4355E00787443 /* IDWiseExample.xcdatamodel */,
			);
			currentVersion = E2AEDEE026D4355E00787443 /* IDWiseExample.xcdatamodel */;
			path = IDWiseExample.xcdatamodeld;
			sourceTree = "<group>";
			versionGroupType = wrapper.xcdatamodel;
		};
/* End XCVersionGroup section */
	};
	rootObject = E2AEDECB26D4355E00787443 /* Project object */;
}
